
Microsoft Visual Studio Solution File, Format Version 12.00
# Visual Studio Version 17
VisualStudioVersion = 17.0.31903.59
MinimumVisualStudioVersion = 10.0.40219.1
Project("{FAE04EC0-301F-11D3-BF4B-00C04F79EFBC}") = "LcdNumbers", "LcdNumbers\LcdNumbers.csproj", "{35DC52C1-9C6B-4FF2-B95A-E40E8B721652}"
EndProject
Project("{FAE04EC0-301F-11D3-BF4B-00C04F79EFBC}") = "LcdNumbers.Tests", "LcdNumbers.Tests\LcdNumbers.Tests.csproj", "{1237FC74-F537-4970-895B-48C329F026C6}"
EndProject
Global
	GlobalSection(SolutionConfigurationPlatforms) = preSolution
		Debug|Any CPU = Debug|Any CPU
		Release|Any CPU = Release|Any CPU
	EndGlobalSection
	GlobalSection(SolutionProperties) = preSolution
		HideSolutionNode = FALSE
	EndGlobalSection
	GlobalSection(ProjectConfigurationPlatforms) = postSolution
		{35DC52C1-9C6B-4FF2-B95A-E40E8B721652}.Debug|Any CPU.ActiveCfg = Debug|Any CPU
		{35DC52C1-9C6B-4FF2-B95A-E40E8B721652}.Debug|Any CPU.Build.0 = Debug|Any CPU
		{35DC52C1-9C6B-4FF2-B95A-E40E8B721652}.Release|Any CPU.ActiveCfg = Release|Any CPU
		{35DC52C1-9C6B-4FF2-B95A-E40E8B721652}.Release|Any CPU.Build.0 = Release|Any CPU
		{1237FC74-F537-4970-895B-48C329F026C6}.Debug|Any CPU.ActiveCfg = Debug|Any CPU
		{1237FC74-F537-4970-895B-48C329F026C6}.Debug|Any CPU.Build.0 = Debug|Any CPU
		{1237FC74-F537-4970-895B-48C329F026C6}.Release|Any CPU.ActiveCfg = Release|Any CPU
		{1237FC74-F537-4970-895B-48C329F026C6}.Release|Any CPU.Build.0 = Release|Any CPU
	EndGlobalSection
EndGlobal
